// !$*UTF8*$!
{
	archiveVersion = 1;
	classes = {
	};
	objectVersion = 50;
	objects = {

/* Begin PBXBuildFile section */
		87D748F323CD9A7200BA81D8 /* AppDelegate.swift in Sources */ = {isa = PBXBuildFile; fileRef = 87D748F223CD9A7200BA81D8 /* AppDelegate.swift */; };
		87D748FC23CD9A7300BA81D8 /* Assets.xcassets in Resources */ = {isa = PBXBuildFile; fileRef = 87D748FB23CD9A7300BA81D8 /* Assets.xcassets */; };
		87D748FF23CD9A7300BA81D8 /* LaunchScreen.storyboard in Resources */ = {isa = PBXBuildFile; fileRef = 87D748FD23CD9A7300BA81D8 /* LaunchScreen.storyboard */; };
		87D7490923CD9C3600BA81D8 /* UIVIew+Extension.swift in Sources */ = {isa = PBXBuildFile; fileRef = 87D7490823CD9C3600BA81D8 /* UIVIew+Extension.swift */; };
		87D7490C23CDA36900BA81D8 /* Daily.swift in Sources */ = {isa = PBXBuildFile; fileRef = 87D7490A23CDA36900BA81D8 /* Daily.swift */; };
		87D7490D23CDA36900BA81D8 /* Daily.xib in Resources */ = {isa = PBXBuildFile; fileRef = 87D7490B23CDA36900BA81D8 /* Daily.xib */; };
		87D7491023CDA51E00BA81D8 /* DailyCell.swift in Sources */ = {isa = PBXBuildFile; fileRef = 87D7490E23CDA51E00BA81D8 /* DailyCell.swift */; };
		87D7491123CDA51E00BA81D8 /* DailyCell.xib in Resources */ = {isa = PBXBuildFile; fileRef = 87D7490F23CDA51E00BA81D8 /* DailyCell.xib */; };
/* End PBXBuildFile section */

/* Begin PBXFileReference section */
		87D748EF23CD9A7200BA81D8 /* DragTableViewCell.app */ = {isa = PBXFileReference; explicitFileType = wrapper.application; includeInIndex = 0; path = DragTableViewCell.app; sourceTree = BUILT_PRODUCTS_DIR; };
		87D748F223CD9A7200BA81D8 /* AppDelegate.swift */ = {isa = PBXFileReference; lastKnownFileType = sourcecode.swift; path = AppDelegate.swift; sourceTree = "<group>"; };
		87D748FB23CD9A7300BA81D8 /* Assets.xcassets */ = {isa = PBXFileReference; lastKnownFileType = folder.assetcatalog; path = Assets.xcassets; sourceTree = "<group>"; };
		87D748FE23CD9A7300BA81D8 /* Base */ = {isa = PBXFileReference; lastKnownFileType = file.storyboard; name = Base; path = Base.lproj/LaunchScreen.storyboard; sourceTree = "<group>"; };
		87D7490023CD9A7300BA81D8 /* Info.plist */ = {isa = PBXFileReference; lastKnownFileType = text.plist.xml; path = Info.plist; sourceTree = "<group>"; };
		87D7490823CD9C3600BA81D8 /* UIVIew+Extension.swift */ = {isa = PBXFileReference; lastKnownFileType = sourcecode.swift; path = "UIVIew+Extension.swift"; sourceTree = "<group>"; };
		87D7490A23CDA36900BA81D8 /* Daily.swift */ = {isa = PBXFileReference; lastKnownFileType = sourcecode.swift; path = Daily.swift; sourceTree = "<group>"; };
		87D7490B23CDA36900BA81D8 /* Daily.xib */ = {isa = PBXFileReference; lastKnownFileType = file.xib; path = Daily.xib; sourceTree = "<group>"; };
		87D7490E23CDA51E00BA81D8 /* DailyCell.swift */ = {isa = PBXFileReference; lastKnownFileType = sourcecode.swift; path = DailyCell.swift; sourceTree = "<group>"; };
		87D7490F23CDA51E00BA81D8 /* DailyCell.xib */ = {isa = PBXFileReference; lastKnownFileType = file.xib; path = DailyCell.xib; sourceTree = "<group>"; };
/* End PBXFileReference section */

/* Begin PBXFrameworksBuildPhase section */
		87D748EC23CD9A7200BA81D8 /* Frameworks */ = {
			isa = PBXFrameworksBuildPhase;
			buildActionMask = 2147483647;
			files = (
			);
			runOnlyForDeploymentPostprocessing = 0;
		};
/* End PBXFrameworksBuildPhase section */

/* Begin PBXGroup section */
		87D748E623CD9A7200BA81D8 = {
			isa = PBXGroup;
			children = (
				87D748F123CD9A7200BA81D8 /* DragTableViewCell */,
				87D748F023CD9A7200BA81D8 /* Products */,
			);
			sourceTree = "<group>";
		};
		87D748F023CD9A7200BA81D8 /* Products */ = {
			isa = PBXGroup;
			children = (
				87D748EF23CD9A7200BA81D8 /* DragTableViewCell.app */,
			);
			name = Products;
			sourceTree = "<group>";
		};
		87D748F123CD9A7200BA81D8 /* DragTableViewCell */ = {
			isa = PBXGroup;
			children = (
				87D748F223CD9A7200BA81D8 /* AppDelegate.swift */,
				87D7490A23CDA36900BA81D8 /* Daily.swift */,
				87D7490B23CDA36900BA81D8 /* Daily.xib */,
				87D7490E23CDA51E00BA81D8 /* DailyCell.swift */,
				87D7490F23CDA51E00BA81D8 /* DailyCell.xib */,
				87D7490823CD9C3600BA81D8 /* UIVIew+Extension.swift */,
				87D748FB23CD9A7300BA81D8 /* Assets.xcassets */,
				87D748FD23CD9A7300BA81D8 /* LaunchScreen.storyboard */,
				87D7490023CD9A7300BA81D8 /* Info.plist */,
			);
			path = DragTableViewCell;
			sourceTree = "<group>";
		};
/* End PBXGroup section */

/* Begin PBXNativeTarget section */
		87D748EE23CD9A7200BA81D8 /* DragTableViewCell */ = {
			isa = PBXNativeTarget;
			buildConfigurationList = 87D7490323CD9A7300BA81D8 /* Build configuration list for PBXNativeTarget "DragTableViewCell" */;
			buildPhases = (
				87D748EB23CD9A7200BA81D8 /* Sources */,
				87D748EC23CD9A7200BA81D8 /* Frameworks */,
				87D748ED23CD9A7200BA81D8 /* Resources */,
			);
			buildRules = (
			);
			dependencies = (
			);
			name = DragTableViewCell;
			productName = DragTableViewCell;
			productReference = 87D748EF23CD9A7200BA81D8 /* DragTableViewCell.app */;
			productType = "com.apple.product-type.application";
		};
/* End PBXNativeTarget section */

/* Begin PBXProject section */
		87D748E723CD9A7200BA81D8 /* Project object */ = {
			isa = PBXProject;
			attributes = {
				LastSwiftUpdateCheck = 1120;
				LastUpgradeCheck = 1120;
				ORGANIZATIONNAME = xyz;
				TargetAttributes = {
					87D748EE23CD9A7200BA81D8 = {
						CreatedOnToolsVersion = 11.2.1;
					};
				};
			};
			buildConfigurationList = 87D748EA23CD9A7200BA81D8 /* Build configuration list for PBXProject "DragTableViewCell" */;
			compatibilityVersion = "Xcode 9.3";
			developmentRegion = en;
			hasScannedForEncodings = 0;
			knownRegions = (
				en,
				Base,
			);
			mainGroup = 87D748E623CD9A7200BA81D8;
			productRefGroup = 87D748F023CD9A7200BA81D8 /* Products */;
			projectDirPath = "";
			projectRoot = "";
			targets = (
				87D748EE23CD9A7200BA81D8 /* DragTableViewCell */,
			);
		};
/* End PBXProject section */

/* Begin PBXResourcesBuildPhase section */
		87D748ED23CD9A7200BA81D8 /* Resources */ = {
			isa = PBXResourcesBuildPhase;
			buildActionMask = 2147483647;
			files = (
				87D748FF23CD9A7300BA81D8 /* LaunchScreen.storyboard in Resources */,
				87D7491123CDA51E00BA81D8 /* DailyCell.xib in Resources */,
				87D748FC23CD9A7300BA81D8 /* Assets.xcassets in Resources */,
				87D7490D23CDA36900BA81D8 /* Daily.xib in Resources */,
			);
			runOnlyForDeploymentPostprocessing = 0;
		};
/* End PBXResourcesBuildPhase section */

/* Begin PBXSourcesBuildPhase section */
		87D748EB23CD9A7200BA81D8 /* Sources */ = {
			isa = PBXSourcesBuildPhase;
			buildActionMask = 2147483647;
			files = (
				87D7491023CDA51E00BA81D8 /* DailyCell.swift in Sources */,
				87D7490C23CDA36900BA81D8 /* Daily.swift in Sources */,
				87D7490923CD9C3600BA81D8 /* UIVIew+Extension.swift in Sources */,
				87D748F323CD9A7200BA81D8 /* AppDelegate.swift in Sources */,
			);
			runOnlyForDeploymentPostprocessing = 0;
		};
/* End PBXSourcesBuildPhase section */

/* Begin PBXVariantGroup section */
		87D748FD23CD9A7300BA81D8 /* LaunchScreen.storyboard */ = {
			isa = PBXVariantGroup;
			children = (
				87D748FE23CD9A7300BA81D8 /* Base */,
			);
			name = LaunchScreen.storyboard;
			sourceTree = "<group>";
		};
/* End PBXVariantGroup section */

/* Begin XCBuildConfiguration section */
		87D7490123CD9A7300BA81D8 /* Debug */ = {
			isa = XCBuildConfiguration;
			buildSettings = {
				ALWAYS_SEARCH_USER_PATHS = NO;
				CLANG_ANALYZER_NONNULL = YES;
				CLANG_ANALYZER_NUMBER_OBJECT_CONVERSION = YES_AGGRESSIVE;
				CLANG_CXX_LANGUAGE_STANDARD = "gnu++14";
				CLANG_CXX_LIBRARY = "libc++";
				CLANG_ENABLE_MODULES = YES;
				CLANG_ENABLE_OBJC_ARC = YES;
				CLANG_ENABLE_OBJC_WEAK = YES;
				CLANG_WARN_BLOCK_CAPTURE_AUTORELEASING = YES;
				CLANG_WARN_BOOL_CONVERSION = YES;
				CLANG_WARN_COMMA = YES;
				CLANG_WARN_CONSTANT_CONVERSION = YES;
				CLANG_WARN_DEPRECATED_OBJC_IMPLEMENTATIONS = YES;
				CLANG_WARN_DIRECT_OBJC_ISA_USAGE = YES_ERROR;
				CLANG_WARN_DOCUMENTATION_COMMENTS = YES;
				CLANG_WARN_EMPTY_BODY = YES;
				CLANG_WARN_ENUM_CONVERSION = YES;
				CLANG_WARN_INFINITE_RECURSION = YES;
				CLANG_WARN_INT_CONVERSION = YES;
				CLANG_WARN_NON_LITERAL_NULL_CONVERSION = YES;
				CLANG_WARN_OBJC_IMPLICIT_RETAIN_SELF = YES;
				CLANG_WARN_OBJC_LITERAL_CONVERSION = YES;
				CLANG_WARN_OBJC_ROOT_CLASS = YES_ERROR;
				CLANG_WARN_RANGE_LOOP_ANALYSIS = YES;
				CLANG_WARN_STRICT_PROTOTYPES = YES;
				CLANG_WARN_SUSPICIOUS_MOVE = YES;
				CLANG_WARN_UNGUARDED_AVAILABILITY = YES_AGGRESSIVE;
				CLANG_WARN_UNREACHABLE_CODE = YES;
				CLANG_WARN__DUPLICATE_METHOD_MATCH = YES;
				COPY_PHASE_STRIP = NO;
				DEBUG_INFORMATION_FORMAT = dwarf;
				ENABLE_STRICT_OBJC_MSGSEND = YES;
				ENABLE_TESTABILITY = YES;
				GCC_C_LANGUAGE_STANDARD = gnu11;
				GCC_DYNAMIC_NO_PIC = NO;
				GCC_NO_COMMON_BLOCKS = YES;
				GCC_OPTIMIZATION_LEVEL = 0;
				GCC_PREPROCESSOR_DEFINITIONS = (
					"DEBUG=1",
					"$(inherited)",
				);
				GCC_WARN_64_TO_32_BIT_CONVERSION = YES;
				GCC_WARN_ABOUT_RETURN_TYPE = YES_ERROR;
				GCC_WARN_UNDECLARED_SELECTOR = YES;
				GCC_WARN_UNINITIALIZED_AUTOS = YES_AGGRESSIVE;
				GCC_WARN_UNUSED_FUNCTION = YES;
				GCC_WARN_UNUSED_VARIABLE = YES;
				IPHONEOS_DEPLOYMENT_TARGET = 13.2;
				MTL_ENABLE_DEBUG_INFO = INCLUDE_SOURCE;
				MTL_FAST_MATH = YES;
				ONLY_ACTIVE_ARCH = YES;
				SDKROOT = iphoneos;
				SWIFT_ACTIVE_COMPILATION_CONDITIONS = DEBUG;
				SWIFT_OPTIMIZATION_LEVEL = "-Onone";
			};
			name = Debug;
		};
		87D7490223CD9A7300BA81D8 /* Release */ = {
			isa = XCBuildConfiguration;
			buildSettings = {
				ALWAYS_SEARCH_USER_PATHS = NO;
				CLANG_ANALYZER_NONNULL = YES;
				CLANG_ANALYZER_NUMBER_OBJECT_CONVERSION = YES_AGGRESSIVE;
				CLANG_CXX_LANGUAGE_STANDARD = "gnu++14";
				CLANG_CXX_LIBRARY = "libc++";
				CLANG_ENABLE_MODULES = YES;
				CLANG_ENABLE_OBJC_ARC = YES;
				CLANG_ENABLE_OBJC_WEAK = YES;
				CLANG_WARN_BLOCK_CAPTURE_AUTORELEASING = YES;
				CLANG_WARN_BOOL_CONVERSION = YES;
				CLANG_WARN_COMMA = YES;
				CLANG_WARN_CONSTANT_CONVERSION = YES;
				CLANG_WARN_DEPRECATED_OBJC_IMPLEMENTATIONS = YES;
				CLANG_WARN_DIRECT_OBJC_ISA_USAGE = YES_ERROR;
				CLANG_WARN_DOCUMENTATION_COMMENTS = YES;
				CLANG_WARN_EMPTY_BODY = YES;
				CLANG_WARN_ENUM_CONVERSION = YES;
				CLANG_WARN_INFINITE_RECURSION = YES;
				CLANG_WARN_INT_CONVERSION = YES;
				CLANG_WARN_NON_LITERAL_NULL_CONVERSION = YES;
				CLANG_WARN_OBJC_IMPLICIT_RETAIN_SELF = YES;
				CLANG_WARN_OBJC_LITERAL_CONVERSION = YES;
				CLANG_WARN_OBJC_ROOT_CLASS = YES_ERROR;
				CLANG_WARN_RANGE_LOOP_ANALYSIS = YES;
				CLANG_WARN_STRICT_PROTOTYPES = YES;
				CLANG_WARN_SUSPICIOUS_MOVE = YES;
				CLANG_WARN_UNGUARDED_AVAILABILITY = YES_AGGRESSIVE;
				CLANG_WARN_UNREACHABLE_CODE = YES;
				CLANG_WARN__DUPLICATE_METHOD_MATCH = YES;
				COPY_PHASE_STRIP = NO;
				DEBUG_INFORMATION_FORMAT = "dwarf-with-dsym";
				ENABLE_NS_ASSERTIONS = NO;
				ENABLE_STRICT_OBJC_MSGSEND = YES;
				GCC_C_LANGUAGE_STANDARD = gnu11;
				GCC_NO_COMMON_BLOCKS = YES;
				GCC_WARN_64_TO_32_BIT_CONVERSION = YES;
				GCC_WARN_ABOUT_RETURN_TYPE = YES_ERROR;
				GCC_WARN_UNDECLARED_SELECTOR = YES;
				GCC_WARN_UNINITIALIZED_AUTOS = YES_AGGRESSIVE;
				GCC_WARN_UNUSED_FUNCTION = YES;
				GCC_WARN_UNUSED_VARIABLE = YES;
				IPHONEOS_DEPLOYMENT_TARGET = 13.2;
				MTL_ENABLE_DEBUG_INFO = NO;
				MTL_FAST_MATH = YES;
				SDKROOT = iphoneos;
				SWIFT_COMPILATION_MODE = wholemodule;
				SWIFT_OPTIMIZATION_LEVEL = "-O";
				VALIDATE_PRODUCT = YES;
			};
			name = Release;
		};
		87D7490423CD9A7300BA81D8 /* Debug */ = {
			isa = XCBuildConfiguration;
			buildSettings = {
				ASSETCATALOG_COMPILER_APPICON_NAME = AppIcon;
				CODE_SIGN_STYLE = Automatic;
				DEVELOPMENT_TEAM = MC4XC84N93;
				INFOPLIST_FILE = DragTableViewCell/Info.plist;
				IPHONEOS_DEPLOYMENT_TARGET = 11.0;
				LD_RUNPATH_SEARCH_PATHS = (
					"$(inherited)",
					"@executable_path/Frameworks",
				);
				PRODUCT_BUNDLE_IDENTIFIER = con.test.DragTableViewCell;
				PRODUCT_NAME = "$(TARGET_NAME)";
				SWIFT_VERSION = 5.0;
				TARGETED_DEVICE_FAMILY = 1;
			};
			name = Debug;
		};
		87D7490523CD9A7300BA81D8 /* Release */ = {
			isa = XCBuildConfiguration;
			buildSettings = {
				ASSETCATALOG_COMPILER_APPICON_NAME = AppIcon;
				CODE_SIGN_STYLE = Automatic;
				DEVELOPMENT_TEAM = MC4XC84N93;
				INFOPLIST_FILE = DragTableViewCell/Info.plist;
				IPHONEOS_DEPLOYMENT_TARGET = 11.0;
				LD_RUNPATH_SEARCH_PATHS = (
					"$(inherited)",
					"@executable_path/Frameworks",
				);
				PRODUCT_BUNDLE_IDENTIFIER = con.test.DragTableViewCell;
				PRODUCT_NAME = "$(TARGET_NAME)";
				SWIFT_VERSION = 5.0;
				TARGETED_DEVICE_FAMILY = 1;
			};
			name = Release;
		};
/* End XCBuildConfiguration section */

/* Begin XCConfigurationList section */
		87D748EA23CD9A7200BA81D8 /* Build configuration list for PBXProject "DragTableViewCell" */ = {
			isa = XCConfigurationList;
			buildConfigurations = (
				87D7490123CD9A7300BA81D8 /* Debug */,
				87D7490223CD9A7300BA81D8 /* Release */,
			);
			defaultConfigurationIsVisible = 0;
			defaultConfigurationName = Release;
		};
		87D7490323CD9A7300BA81D8 /* Build configuration list for PBXNativeTarget "DragTableViewCell" */ = {
			isa = XCConfigurationList;
			buildConfigurations = (
				87D7490423CD9A7300BA81D8 /* Debug */,
				87D7490523CD9A7300BA81D8 /* Release */,
			);
			defaultConfigurationIsVisible = 0;
			defaultConfigurationName = Release;
		};
/* End XCConfigurationList section */
	};
	rootObject = 87D748E723CD9A7200BA81D8 /* Project object */;
}
